
Microsoft Visual Studio Solution File, Format Version 12.00
# Visual Studio 2013
VisualStudioVersion = 12.0.40629.0
MinimumVisualStudioVersion = 10.0.40219.1
Project("{FAE04EC0-301F-11D3-BF4B-00C04F79EFBC}") = "MyLightbulb", "MyLightbulb.Xamarin\MyLightbulb\MyLightbulb.csproj", "{90562E8F-2DA4-49AA-A00D-FB3681322997}"
EndProject
Project("{FAE04EC0-301F-11D3-BF4B-00C04F79EFBC}") = "MyLightbulb.iOS", "MyLightbulb.Xamarin\MyLightbulb.iOS\MyLightbulb.iOS.csproj", "{95C4F5A6-AC9B-4BA5-950A-B6DC5FBB9B0B}"
EndProject
Project("{FAE04EC0-301F-11D3-BF4B-00C04F79EFBC}") = "MyLightbulb.Droid", "MyLightbulb.Xamarin\MyLightbulb.Droid\MyLightbulb.Droid.csproj", "{EBC08F32-2FA3-4F50-B296-2C7CA945DEBD}"
EndProject
Project("{FAE04EC0-301F-11D3-BF4B-00C04F79EFBC}") = "MyLightbulb.WinPhone", "MyLightbulb.Xamarin\MyLightbulb.WinPhone\MyLightbulb.WinPhone.csproj", "{1865A15C-B959-41CC-B266-5550ADB70D35}"
EndProject
Global
	GlobalSection(SolutionConfigurationPlatforms) = preSolution
		Ad-Hoc|Any CPU = Ad-Hoc|Any CPU
		Ad-Hoc|ARM = Ad-Hoc|ARM
		Ad-Hoc|iPhone = Ad-Hoc|iPhone
		Ad-Hoc|iPhoneSimulator = Ad-Hoc|iPhoneSimulator
		Ad-Hoc|Mixed Platforms = Ad-Hoc|Mixed Platforms
		Ad-Hoc|x86 = Ad-Hoc|x86
		AppStore|Any CPU = AppStore|Any CPU
		AppStore|ARM = AppStore|ARM
		AppStore|iPhone = AppStore|iPhone
		AppStore|iPhoneSimulator = AppStore|iPhoneSimulator
		AppStore|Mixed Platforms = AppStore|Mixed Platforms
		AppStore|x86 = AppStore|x86
		Debug|Any CPU = Debug|Any CPU
		Debug|ARM = Debug|ARM
		Debug|iPhone = Debug|iPhone
		Debug|iPhoneSimulator = Debug|iPhoneSimulator
		Debug|Mixed Platforms = Debug|Mixed Platforms
		Debug|x86 = Debug|x86
		Release|Any CPU = Release|Any CPU
		Release|ARM = Release|ARM
		Release|iPhone = Release|iPhone
		Release|iPhoneSimulator = Release|iPhoneSimulator
		Release|Mixed Platforms = Release|Mixed Platforms
		Release|x86 = Release|x86
	EndGlobalSection
	GlobalSection(ProjectConfigurationPlatforms) = postSolution
		{90562E8F-2DA4-49AA-A00D-FB3681322997}.Ad-Hoc|Any CPU.ActiveCfg = Release|Any CPU
		{90562E8F-2DA4-49AA-A00D-FB3681322997}.Ad-Hoc|Any CPU.Build.0 = Release|Any CPU
		{90562E8F-2DA4-49AA-A00D-FB3681322997}.Ad-Hoc|ARM.ActiveCfg = Release|Any CPU
		{90562E8F-2DA4-49AA-A00D-FB3681322997}.Ad-Hoc|iPhone.ActiveCfg = Release|Any CPU
		{90562E8F-2DA4-49AA-A00D-FB3681322997}.Ad-Hoc|iPhoneSimulator.ActiveCfg = Release|Any CPU
		{90562E8F-2DA4-49AA-A00D-FB3681322997}.Ad-Hoc|Mixed Platforms.ActiveCfg = Release|Any CPU
		{90562E8F-2DA4-49AA-A00D-FB3681322997}.Ad-Hoc|Mixed Platforms.Build.0 = Release|Any CPU
		{90562E8F-2DA4-49AA-A00D-FB3681322997}.Ad-Hoc|x86.ActiveCfg = Release|Any CPU
		{90562E8F-2DA4-49AA-A00D-FB3681322997}.AppStore|Any CPU.ActiveCfg = Release|Any CPU
		{90562E8F-2DA4-49AA-A00D-FB3681322997}.AppStore|Any CPU.Build.0 = Release|Any CPU
		{90562E8F-2DA4-49AA-A00D-FB3681322997}.AppStore|ARM.ActiveCfg = Release|Any CPU
		{90562E8F-2DA4-49AA-A00D-FB3681322997}.AppStore|iPhone.ActiveCfg = Release|Any CPU
		{90562E8F-2DA4-49AA-A00D-FB3681322997}.AppStore|iPhoneSimulator.ActiveCfg = Release|Any CPU
		{90562E8F-2DA4-49AA-A00D-FB3681322997}.AppStore|Mixed Platforms.ActiveCfg = Release|Any CPU
		{90562E8F-2DA4-49AA-A00D-FB3681322997}.AppStore|Mixed Platforms.Build.0 = Release|Any CPU
		{90562E8F-2DA4-49AA-A00D-FB3681322997}.AppStore|x86.ActiveCfg = Release|Any CPU
		{90562E8F-2DA4-49AA-A00D-FB3681322997}.Debug|Any CPU.ActiveCfg = Debug|Any CPU
		{90562E8F-2DA4-49AA-A00D-FB3681322997}.Debug|Any CPU.Build.0 = Debug|Any CPU
		{90562E8F-2DA4-49AA-A00D-FB3681322997}.Debug|ARM.ActiveCfg = Debug|Any CPU
		{90562E8F-2DA4-49AA-A00D-FB3681322997}.Debug|iPhone.ActiveCfg = Debug|Any CPU
		{90562E8F-2DA4-49AA-A00D-FB3681322997}.Debug|iPhoneSimulator.ActiveCfg = Debug|Any CPU
		{90562E8F-2DA4-49AA-A00D-FB3681322997}.Debug|Mixed Platforms.ActiveCfg = Debug|Any CPU
		{90562E8F-2DA4-49AA-A00D-FB3681322997}.Debug|Mixed Platforms.Build.0 = Debug|Any CPU
		{90562E8F-2DA4-49AA-A00D-FB3681322997}.Debug|x86.ActiveCfg = Debug|Any CPU
		{90562E8F-2DA4-49AA-A00D-FB3681322997}.Release|Any CPU.ActiveCfg = Release|Any CPU
		{90562E8F-2DA4-49AA-A00D-FB3681322997}.Release|Any CPU.Build.0 = Release|Any CPU
		{90562E8F-2DA4-49AA-A00D-FB3681322997}.Release|ARM.ActiveCfg = Release|Any CPU
		{90562E8F-2DA4-49AA-A00D-FB3681322997}.Release|iPhone.ActiveCfg = Release|Any CPU
		{90562E8F-2DA4-49AA-A00D-FB3681322997}.Release|iPhoneSimulator.ActiveCfg = Release|Any CPU
		{90562E8F-2DA4-49AA-A00D-FB3681322997}.Release|Mixed Platforms.ActiveCfg = Release|Any CPU
		{90562E8F-2DA4-49AA-A00D-FB3681322997}.Release|Mixed Platforms.Build.0 = Release|Any CPU
		{90562E8F-2DA4-49AA-A00D-FB3681322997}.Release|x86.ActiveCfg = Release|Any CPU
		{95C4F5A6-AC9B-4BA5-950A-B6DC5FBB9B0B}.Ad-Hoc|Any CPU.ActiveCfg = Ad-Hoc|iPhone
		{95C4F5A6-AC9B-4BA5-950A-B6DC5FBB9B0B}.Ad-Hoc|ARM.ActiveCfg = Ad-Hoc|iPhone
		{95C4F5A6-AC9B-4BA5-950A-B6DC5FBB9B0B}.Ad-Hoc|iPhone.ActiveCfg = Ad-Hoc|iPhone
		{95C4F5A6-AC9B-4BA5-950A-B6DC5FBB9B0B}.Ad-Hoc|iPhone.Build.0 = Ad-Hoc|iPhone
		{95C4F5A6-AC9B-4BA5-950A-B6DC5FBB9B0B}.Ad-Hoc|iPhoneSimulator.ActiveCfg = Ad-Hoc|iPhoneSimulator
		{95C4F5A6-AC9B-4BA5-950A-B6DC5FBB9B0B}.Ad-Hoc|iPhoneSimulator.Build.0 = Ad-Hoc|iPhoneSimulator
		{95C4F5A6-AC9B-4BA5-950A-B6DC5FBB9B0B}.Ad-Hoc|Mixed Platforms.ActiveCfg = Ad-Hoc|iPhone
		{95C4F5A6-AC9B-4BA5-950A-B6DC5FBB9B0B}.Ad-Hoc|Mixed Platforms.Build.0 = Ad-Hoc|iPhone
		{95C4F5A6-AC9B-4BA5-950A-B6DC5FBB9B0B}.Ad-Hoc|x86.ActiveCfg = Ad-Hoc|iPhone
		{95C4F5A6-AC9B-4BA5-950A-B6DC5FBB9B0B}.AppStore|Any CPU.ActiveCfg = AppStore|iPhone
		{95C4F5A6-AC9B-4BA5-950A-B6DC5FBB9B0B}.AppStore|ARM.ActiveCfg = AppStore|iPhone
		{95C4F5A6-AC9B-4BA5-950A-B6DC5FBB9B0B}.AppStore|iPhone.ActiveCfg = AppStore|iPhone
		{95C4F5A6-AC9B-4BA5-950A-B6DC5FBB9B0B}.AppStore|iPhone.Build.0 = AppStore|iPhone
		{95C4F5A6-AC9B-4BA5-950A-B6DC5FBB9B0B}.AppStore|iPhoneSimulator.ActiveCfg = AppStore|iPhoneSimulator
		{95C4F5A6-AC9B-4BA5-950A-B6DC5FBB9B0B}.AppStore|iPhoneSimulator.Build.0 = AppStore|iPhoneSimulator
		{95C4F5A6-AC9B-4BA5-950A-B6DC5FBB9B0B}.AppStore|Mixed Platforms.ActiveCfg = AppStore|iPhone
		{95C4F5A6-AC9B-4BA5-950A-B6DC5FBB9B0B}.AppStore|Mixed Platforms.Build.0 = AppStore|iPhone
		{95C4F5A6-AC9B-4BA5-950A-B6DC5FBB9B0B}.AppStore|x86.ActiveCfg = AppStore|iPhone
		{95C4F5A6-AC9B-4BA5-950A-B6DC5FBB9B0B}.Debug|Any CPU.ActiveCfg = Debug|iPhone
		{95C4F5A6-AC9B-4BA5-950A-B6DC5FBB9B0B}.Debug|ARM.ActiveCfg = Debug|iPhone
		{95C4F5A6-AC9B-4BA5-950A-B6DC5FBB9B0B}.Debug|iPhone.ActiveCfg = Debug|iPhone
		{95C4F5A6-AC9B-4BA5-950A-B6DC5FBB9B0B}.Debug|iPhone.Build.0 = Debug|iPhone
		{95C4F5A6-AC9B-4BA5-950A-B6DC5FBB9B0B}.Debug|iPhoneSimulator.ActiveCfg = Debug|iPhoneSimulator
		{95C4F5A6-AC9B-4BA5-950A-B6DC5FBB9B0B}.Debug|iPhoneSimulator.Build.0 = Debug|iPhoneSimulator
		{95C4F5A6-AC9B-4BA5-950A-B6DC5FBB9B0B}.Debug|Mixed Platforms.ActiveCfg = Debug|iPhone
		{95C4F5A6-AC9B-4BA5-950A-B6DC5FBB9B0B}.Debug|Mixed Platforms.Build.0 = Debug|iPhone
		{95C4F5A6-AC9B-4BA5-950A-B6DC5FBB9B0B}.Debug|x86.ActiveCfg = Debug|iPhone
		{95C4F5A6-AC9B-4BA5-950A-B6DC5FBB9B0B}.Release|Any CPU.ActiveCfg = Release|iPhone
		{95C4F5A6-AC9B-4BA5-950A-B6DC5FBB9B0B}.Release|ARM.ActiveCfg = Release|iPhone
		{95C4F5A6-AC9B-4BA5-950A-B6DC5FBB9B0B}.Release|iPhone.ActiveCfg = Release|iPhone
		{95C4F5A6-AC9B-4BA5-950A-B6DC5FBB9B0B}.Release|iPhone.Build.0 = Release|iPhone
		{95C4F5A6-AC9B-4BA5-950A-B6DC5FBB9B0B}.Release|iPhoneSimulator.ActiveCfg = Release|iPhoneSimulator
		{95C4F5A6-AC9B-4BA5-950A-B6DC5FBB9B0B}.Release|iPhoneSimulator.Build.0 = Release|iPhoneSimulator
		{95C4F5A6-AC9B-4BA5-950A-B6DC5FBB9B0B}.Release|Mixed Platforms.ActiveCfg = Release|iPhone
		{95C4F5A6-AC9B-4BA5-950A-B6DC5FBB9B0B}.Release|Mixed Platforms.Build.0 = Release|iPhone
		{95C4F5A6-AC9B-4BA5-950A-B6DC5FBB9B0B}.Release|x86.ActiveCfg = Release|iPhone
		{EBC08F32-2FA3-4F50-B296-2C7CA945DEBD}.Ad-Hoc|Any CPU.ActiveCfg = Release|Any CPU
		{EBC08F32-2FA3-4F50-B296-2C7CA945DEBD}.Ad-Hoc|Any CPU.Build.0 = Release|Any CPU
		{EBC08F32-2FA3-4F50-B296-2C7CA945DEBD}.Ad-Hoc|Any CPU.Deploy.0 = Release|Any CPU
		{EBC08F32-2FA3-4F50-B296-2C7CA945DEBD}.Ad-Hoc|ARM.ActiveCfg = Release|Any CPU
		{EBC08F32-2FA3-4F50-B296-2C7CA945DEBD}.Ad-Hoc|iPhone.ActiveCfg = Release|Any CPU
		{EBC08F32-2FA3-4F50-B296-2C7CA945DEBD}.Ad-Hoc|iPhoneSimulator.ActiveCfg = Release|Any CPU
		{EBC08F32-2FA3-4F50-B296-2C7CA945DEBD}.Ad-Hoc|Mixed Platforms.ActiveCfg = Release|Any CPU
		{EBC08F32-2FA3-4F50-B296-2C7CA945DEBD}.Ad-Hoc|Mixed Platforms.Build.0 = Release|Any CPU
		{EBC08F32-2FA3-4F50-B296-2C7CA945DEBD}.Ad-Hoc|Mixed Platforms.Deploy.0 = Release|Any CPU
		{EBC08F32-2FA3-4F50-B296-2C7CA945DEBD}.Ad-Hoc|x86.ActiveCfg = Release|Any CPU
		{EBC08F32-2FA3-4F50-B296-2C7CA945DEBD}.AppStore|Any CPU.ActiveCfg = Release|Any CPU
		{EBC08F32-2FA3-4F50-B296-2C7CA945DEBD}.AppStore|Any CPU.Build.0 = Release|Any CPU
		{EBC08F32-2FA3-4F50-B296-2C7CA945DEBD}.AppStore|Any CPU.Deploy.0 = Release|Any CPU
		{EBC08F32-2FA3-4F50-B296-2C7CA945DEBD}.AppStore|ARM.ActiveCfg = Release|Any CPU
		{EBC08F32-2FA3-4F50-B296-2C7CA945DEBD}.AppStore|iPhone.ActiveCfg = Release|Any CPU
		{EBC08F32-2FA3-4F50-B296-2C7CA945DEBD}.AppStore|iPhoneSimulator.ActiveCfg = Release|Any CPU
		{EBC08F32-2FA3-4F50-B296-2C7CA945DEBD}.AppStore|Mixed Platforms.ActiveCfg = Release|Any CPU
		{EBC08F32-2FA3-4F50-B296-2C7CA945DEBD}.AppStore|Mixed Platforms.Build.0 = Release|Any CPU
		{EBC08F32-2FA3-4F50-B296-2C7CA945DEBD}.AppStore|Mixed Platforms.Deploy.0 = Release|Any CPU
		{EBC08F32-2FA3-4F50-B296-2C7CA945DEBD}.AppStore|x86.ActiveCfg = Release|Any CPU
		{EBC08F32-2FA3-4F50-B296-2C7CA945DEBD}.Debug|Any CPU.ActiveCfg = Debug|Any CPU
		{EBC08F32-2FA3-4F50-B296-2C7CA945DEBD}.Debug|Any CPU.Build.0 = Debug|Any CPU
		{EBC08F32-2FA3-4F50-B296-2C7CA945DEBD}.Debug|Any CPU.Deploy.0 = Debug|Any CPU
		{EBC08F32-2FA3-4F50-B296-2C7CA945DEBD}.Debug|ARM.ActiveCfg = Debug|Any CPU
		{EBC08F32-2FA3-4F50-B296-2C7CA945DEBD}.Debug|iPhone.ActiveCfg = Debug|Any CPU
		{EBC08F32-2FA3-4F50-B296-2C7CA945DEBD}.Debug|iPhoneSimulator.ActiveCfg = Debug|Any CPU
		{EBC08F32-2FA3-4F50-B296-2C7CA945DEBD}.Debug|Mixed Platforms.ActiveCfg = Debug|Any CPU
		{EBC08F32-2FA3-4F50-B296-2C7CA945DEBD}.Debug|Mixed Platforms.Build.0 = Debug|Any CPU
		{EBC08F32-2FA3-4F50-B296-2C7CA945DEBD}.Debug|Mixed Platforms.Deploy.0 = Debug|Any CPU
		{EBC08F32-2FA3-4F50-B296-2C7CA945DEBD}.Debug|x86.ActiveCfg = Debug|Any CPU
		{EBC08F32-2FA3-4F50-B296-2C7CA945DEBD}.Release|Any CPU.ActiveCfg = Release|Any CPU
		{EBC08F32-2FA3-4F50-B296-2C7CA945DEBD}.Release|Any CPU.Build.0 = Release|Any CPU
		{EBC08F32-2FA3-4F50-B296-2C7CA945DEBD}.Release|Any CPU.Deploy.0 = Release|Any CPU
		{EBC08F32-2FA3-4F50-B296-2C7CA945DEBD}.Release|ARM.ActiveCfg = Release|Any CPU
		{EBC08F32-2FA3-4F50-B296-2C7CA945DEBD}.Release|iPhone.ActiveCfg = Release|Any CPU
		{EBC08F32-2FA3-4F50-B296-2C7CA945DEBD}.Release|iPhoneSimulator.ActiveCfg = Release|Any CPU
		{EBC08F32-2FA3-4F50-B296-2C7CA945DEBD}.Release|Mixed Platforms.ActiveCfg = Release|Any CPU
		{EBC08F32-2FA3-4F50-B296-2C7CA945DEBD}.Release|Mixed Platforms.Build.0 = Release|Any CPU
		{EBC08F32-2FA3-4F50-B296-2C7CA945DEBD}.Release|Mixed Platforms.Deploy.0 = Release|Any CPU
		{EBC08F32-2FA3-4F50-B296-2C7CA945DEBD}.Release|x86.ActiveCfg = Release|Any CPU
		{1865A15C-B959-41CC-B266-5550ADB70D35}.Ad-Hoc|Any CPU.ActiveCfg = Release|Any CPU
		{1865A15C-B959-41CC-B266-5550ADB70D35}.Ad-Hoc|Any CPU.Build.0 = Release|Any CPU
		{1865A15C-B959-41CC-B266-5550ADB70D35}.Ad-Hoc|Any CPU.Deploy.0 = Release|Any CPU
		{1865A15C-B959-41CC-B266-5550ADB70D35}.Ad-Hoc|ARM.ActiveCfg = Release|ARM
		{1865A15C-B959-41CC-B266-5550ADB70D35}.Ad-Hoc|ARM.Build.0 = Release|ARM
		{1865A15C-B959-41CC-B266-5550ADB70D35}.Ad-Hoc|ARM.Deploy.0 = Release|ARM
		{1865A15C-B959-41CC-B266-5550ADB70D35}.Ad-Hoc|iPhone.ActiveCfg = Release|Any CPU
		{1865A15C-B959-41CC-B266-5550ADB70D35}.Ad-Hoc|iPhoneSimulator.ActiveCfg = Release|Any CPU
		{1865A15C-B959-41CC-B266-5550ADB70D35}.Ad-Hoc|Mixed Platforms.ActiveCfg = Release|x86
		{1865A15C-B959-41CC-B266-5550ADB70D35}.Ad-Hoc|Mixed Platforms.Build.0 = Release|x86
		{1865A15C-B959-41CC-B266-5550ADB70D35}.Ad-Hoc|Mixed Platforms.Deploy.0 = Release|x86
		{1865A15C-B959-41CC-B266-5550ADB70D35}.Ad-Hoc|x86.ActiveCfg = Release|x86
		{1865A15C-B959-41CC-B266-5550ADB70D35}.Ad-Hoc|x86.Build.0 = Release|x86
		{1865A15C-B959-41CC-B266-5550ADB70D35}.Ad-Hoc|x86.Deploy.0 = Release|x86
		{1865A15C-B959-41CC-B266-5550ADB70D35}.AppStore|Any CPU.ActiveCfg = Release|Any CPU
		{1865A15C-B959-41CC-B266-5550ADB70D35}.AppStore|Any CPU.Build.0 = Release|Any CPU
		{1865A15C-B959-41CC-B266-5550ADB70D35}.AppStore|Any CPU.Deploy.0 = Release|Any CPU
		{1865A15C-B959-41CC-B266-5550ADB70D35}.AppStore|ARM.ActiveCfg = Release|ARM
		{1865A15C-B959-41CC-B266-5550ADB70D35}.AppStore|ARM.Build.0 = Release|ARM
		{1865A15C-B959-41CC-B266-5550ADB70D35}.AppStore|ARM.Deploy.0 = Release|ARM
		{1865A15C-B959-41CC-B266-5550ADB70D35}.AppStore|iPhone.ActiveCfg = Release|Any CPU
		{1865A15C-B959-41CC-B266-5550ADB70D35}.AppStore|iPhoneSimulator.ActiveCfg = Release|Any CPU
		{1865A15C-B959-41CC-B266-5550ADB70D35}.AppStore|Mixed Platforms.ActiveCfg = Release|x86
		{1865A15C-B959-41CC-B266-5550ADB70D35}.AppStore|Mixed Platforms.Build.0 = Release|x86
		{1865A15C-B959-41CC-B266-5550ADB70D35}.AppStore|Mixed Platforms.Deploy.0 = Release|x86
		{1865A15C-B959-41CC-B266-5550ADB70D35}.AppStore|x86.ActiveCfg = Release|x86
		{1865A15C-B959-41CC-B266-5550ADB70D35}.AppStore|x86.Build.0 = Release|x86
		{1865A15C-B959-41CC-B266-5550ADB70D35}.AppStore|x86.Deploy.0 = Release|x86
		{1865A15C-B959-41CC-B266-5550ADB70D35}.Debug|Any CPU.ActiveCfg = Debug|Any CPU
		{1865A15C-B959-41CC-B266-5550ADB70D35}.Debug|Any CPU.Build.0 = Debug|Any CPU
		{1865A15C-B959-41CC-B266-5550ADB70D35}.Debug|Any CPU.Deploy.0 = Debug|Any CPU
		{1865A15C-B959-41CC-B266-5550ADB70D35}.Debug|ARM.ActiveCfg = Debug|ARM
		{1865A15C-B959-41CC-B266-5550ADB70D35}.Debug|ARM.Build.0 = Debug|ARM
		{1865A15C-B959-41CC-B266-5550ADB70D35}.Debug|ARM.Deploy.0 = Debug|ARM
		{1865A15C-B959-41CC-B266-5550ADB70D35}.Debug|iPhone.ActiveCfg = Debug|Any CPU
		{1865A15C-B959-41CC-B266-5550ADB70D35}.Debug|iPhoneSimulator.ActiveCfg = Debug|Any CPU
		{1865A15C-B959-41CC-B266-5550ADB70D35}.Debug|Mixed Platforms.ActiveCfg = Debug|x86
		{1865A15C-B959-41CC-B266-5550ADB70D35}.Debug|Mixed Platforms.Build.0 = Debug|x86
		{1865A15C-B959-41CC-B266-5550ADB70D35}.Debug|Mixed Platforms.Deploy.0 = Debug|x86
		{1865A15C-B959-41CC-B266-5550ADB70D35}.Debug|x86.ActiveCfg = Debug|x86
		{1865A15C-B959-41CC-B266-5550ADB70D35}.Debug|x86.Build.0 = Debug|x86
		{1865A15C-B959-41CC-B266-5550ADB70D35}.Debug|x86.Deploy.0 = Debug|x86
		{1865A15C-B959-41CC-B266-5550ADB70D35}.Release|Any CPU.ActiveCfg = Release|Any CPU
		{1865A15C-B959-41CC-B266-5550ADB70D35}.Release|Any CPU.Build.0 = Release|Any CPU
		{1865A15C-B959-41CC-B266-5550ADB70D35}.Release|Any CPU.Deploy.0 = Release|Any CPU
		{1865A15C-B959-41CC-B266-5550ADB70D35}.Release|ARM.ActiveCfg = Release|ARM
		{1865A15C-B959-41CC-B266-5550ADB70D35}.Release|ARM.Build.0 = Release|ARM
		{1865A15C-B959-41CC-B266-5550ADB70D35}.Release|ARM.Deploy.0 = Release|ARM
		{1865A15C-B959-41CC-B266-5550ADB70D35}.Release|iPhone.ActiveCfg = Release|Any CPU
		{1865A15C-B959-41CC-B266-5550ADB70D35}.Release|iPhoneSimulator.ActiveCfg = Release|Any CPU
		{1865A15C-B959-41CC-B266-5550ADB70D35}.Release|Mixed Platforms.ActiveCfg = Release|x86
		{1865A15C-B959-41CC-B266-5550ADB70D35}.Release|Mixed Platforms.Build.0 = Release|x86
		{1865A15C-B959-41CC-B266-5550ADB70D35}.Release|Mixed Platforms.Deploy.0 = Release|x86
		{1865A15C-B959-41CC-B266-5550ADB70D35}.Release|x86.ActiveCfg = Release|x86
		{1865A15C-B959-41CC-B266-5550ADB70D35}.Release|x86.Build.0 = Release|x86
		{1865A15C-B959-41CC-B266-5550ADB70D35}.Release|x86.Deploy.0 = Release|x86
	EndGlobalSection
	GlobalSection(SolutionProperties) = preSolution
		HideSolutionNode = FALSE
	EndGlobalSection
EndGlobal
